
Microsoft Visual Studio Solution File, Format Version 12.00
# Visual Studio 15
Project("{FAE04EC0-301F-11D3-BF4B-00C04F79EFBC}") = "Assembly-CSharp", "Assembly-CSharp.csproj", "{908F3701-B9D9-6A1C-9D4C-5D2F5BECAD58}"
EndProject
Project("{FAE04EC0-301F-11D3-BF4B-00C04F79EFBC}") = "Assembly-CSharp-firstpass", "Assembly-CSharp-firstpass.csproj", "{365A29AB-0E40-0820-00C6-3CD840806402}"
EndProject
Project("{FAE04EC0-301F-11D3-BF4B-00C04F79EFBC}") = "Assembly-CSharp-Editor", "Assembly-CSharp-Editor.csproj", "{EF1C5E98-73DB-B22F-56C1-020DAD0F81DF}"
EndProject
Project("{FAE04EC0-301F-11D3-BF4B-00C04F79EFBC}") = "Assembly-CSharp-Editor-firstpass", "Assembly-CSharp-Editor-firstpass.csproj", "{BDF99CC5-69D6-BB47-79B8-C4DC63069D0E}"
EndProject
Global
	GlobalSection(SolutionConfigurationPlatforms) = preSolution
		Debug|Any CPU = Debug|Any CPU
		Release|Any CPU = Release|Any CPU
	EndGlobalSection
	GlobalSection(ProjectConfigurationPlatforms) = postSolution
		{908F3701-B9D9-6A1C-9D4C-5D2F5BECAD58}.Debug|Any CPU.ActiveCfg = Debug|Any CPU
		{908F3701-B9D9-6A1C-9D4C-5D2F5BECAD58}.Debug|Any CPU.Build.0 = Debug|Any CPU
		{908F3701-B9D9-6A1C-9D4C-5D2F5BECAD58}.Release|Any CPU.ActiveCfg = Release|Any CPU
		{908F3701-B9D9-6A1C-9D4C-5D2F5BECAD58}.Release|Any CPU.Build.0 = Release|Any CPU
		{365A29AB-0E40-0820-00C6-3CD840806402}.Debug|Any CPU.ActiveCfg = Debug|Any CPU
		{365A29AB-0E40-0820-00C6-3CD840806402}.Debug|Any CPU.Build.0 = Debug|Any CPU
		{365A29AB-0E40-0820-00C6-3CD840806402}.Release|Any CPU.ActiveCfg = Release|Any CPU
		{365A29AB-0E40-0820-00C6-3CD840806402}.Release|Any CPU.Build.0 = Release|Any CPU
		{EF1C5E98-73DB-B22F-56C1-020DAD0F81DF}.Debug|Any CPU.ActiveCfg = Debug|Any CPU
		{EF1C5E98-73DB-B22F-56C1-020DAD0F81DF}.Debug|Any CPU.Build.0 = Debug|Any CPU
		{EF1C5E98-73DB-B22F-56C1-020DAD0F81DF}.Release|Any CPU.ActiveCfg = Release|Any CPU
		{EF1C5E98-73DB-B22F-56C1-020DAD0F81DF}.Release|Any CPU.Build.0 = Release|Any CPU
		{BDF99CC5-69D6-BB47-79B8-C4DC63069D0E}.Debug|Any CPU.ActiveCfg = Debug|Any CPU
		{BDF99CC5-69D6-BB47-79B8-C4DC63069D0E}.Debug|Any CPU.Build.0 = Debug|Any CPU
		{BDF99CC5-69D6-BB47-79B8-C4DC63069D0E}.Release|Any CPU.ActiveCfg = Release|Any CPU
		{BDF99CC5-69D6-BB47-79B8-C4DC63069D0E}.Release|Any CPU.Build.0 = Release|Any CPU
	EndGlobalSection
	GlobalSection(SolutionProperties) = preSolution
		HideSolutionNode = FALSE
	EndGlobalSection
EndGlobal
